hash: 6933da76b539c29361a46afcf514a0ab7afd23e8dd4934ccb5c26a76afc01c67
updated: 2018-07-23T09:44:30.034+08:00
imports:
- name: github.com/astaxie/beego
  version: a09bafbf2ab483742b17bb352f95dbc0a597e720
  subpackages:
  - config
  - context
  - context/param
  - grace
  - logs
  - session
  - toolbox
  - utils
- name: github.com/bitly/go-simplejson
  version: aabad6e819789e569bd6aabf444c935aa9ba1e44
- name: github.com/BurntSushi/toml
  version: b26d9c308763d68093482582cea63d69be07a0f0
- name: github.com/singcl/go-dep-slide
  version: 1b69cf10aba59d86ca3283dc8a8ed151fff89316
  subpackages:
  - config
- name: golang.org/x/crypto
  version: a2144134853fc9a27a7b1e3eb4f19f1a76df13c9
  subpackages:
  - acme
  - acme/autocert
- name: gopkg.in/yaml.v2
  version: 5420a8b6744d3b0345ab293f6fcba19c978f1183
testImports:
- name: github.com/smartystreets/goconvey
  version: ef6db91d284a0e7badaa1f0c404c30aa7dee3aed
  subpackages:
  - convey
