hash: 4de9af7a42ef547b317ead8cfe3bb100f07a84984125a11e259b6621f3476db5
updated: 2018-10-22T15:05:35.576+08:00
imports:
- name: github.com/astaxie/beego
  version: 053a075344c118a5cc41981b29ef612bb53d20ca
  subpackages:
  - config
  - context
  - context/param
  - grace
  - logs
  - session
  - toolbox
  - utils
- name: github.com/bitly/go-simplejson
  version: aabad6e819789e569bd6aabf444c935aa9ba1e44
- name: github.com/BurntSushi/toml
  version: 3012a1dbe2e4bd1391d42b32f0577cb7bbc7f005
- name: github.com/singcl/go-dep-glide
  version: e80adc70d3140d761b1ab901e9dfe34f8fc96b03
  subpackages:
  - config
- name: github.com/skip2/go-qrcode
  version: cf5f9fa2f0d847edb8e038db7ed975e239095e1a
- name: golang.org/x/crypto
  version: a2144134853fc9a27a7b1e3eb4f19f1a76df13c9
  subpackages:
  - acme
  - acme/autocert
- name: gopkg.in/yaml.v2
  version: 5420a8b6744d3b0345ab293f6fcba19c978f1183
testImports:
- name: github.com/smartystreets/goconvey
  version: ef6db91d284a0e7badaa1f0c404c30aa7dee3aed
  subpackages:
  - convey
